
Microsoft Visual Studio Solution File, Format Version 12.00
# Visual Studio Version 17
VisualStudioVersion = 17.10.34928.147
MinimumVisualStudioVersion = 10.0.40219.1
Project("{8BC9CEB8-8B4A-11D0-8D11-00A0C91BC942}") = "frontend", "frontend\frontend.vcxproj", "{5147CE15-A2AC-4389-A80F-8E5A983B9421}"
EndProject
Global
	GlobalSection(SolutionConfigurationPlatforms) = preSolution
		Debug|x64 = Debug|x64
		Debug|x86 = Debug|x86
		Release|x64 = Release|x64
		Release|x86 = Release|x86
	EndGlobalSection
	GlobalSection(ProjectConfigurationPlatforms) = postSolution
		{5147CE15-A2AC-4389-A80F-8E5A983B9421}.Debug|x64.ActiveCfg = Debug|x64
		{5147CE15-A2AC-4389-A80F-8E5A983B9421}.Debug|x64.Build.0 = Debug|x64
		{5147CE15-A2AC-4389-A80F-8E5A983B9421}.Debug|x86.ActiveCfg = Debug|Win32
		{5147CE15-A2AC-4389-A80F-8E5A983B9421}.Debug|x86.Build.0 = Debug|Win32
		{5147CE15-A2AC-4389-A80F-8E5A983B9421}.Release|x64.ActiveCfg = Release|x64
		{5147CE15-A2AC-4389-A80F-8E5A983B9421}.Release|x64.Build.0 = Release|x64
		{5147CE15-A2AC-4389-A80F-8E5A983B9421}.Release|x86.ActiveCfg = Release|Win32
		{5147CE15-A2AC-4389-A80F-8E5A983B9421}.Release|x86.Build.0 = Release|Win32
	EndGlobalSection
	GlobalSection(SolutionProperties) = preSolution
		HideSolutionNode = FALSE
	EndGlobalSection
	GlobalSection(ExtensibilityGlobals) = postSolution
		SolutionGuid = {E9FEC02C-98EF-4F9C-BA1F-471771D7661E}
	EndGlobalSection
EndGlobal
